
Microsoft Visual Studio Solution File, Format Version 12.00
# Visual Studio Version 16
VisualStudioVersion = 16.0.30330.147
MinimumVisualStudioVersion = 10.0.40219.1
Project("{8BC9CEB8-8B4A-11D0-8D11-00A0C91BC942}") = "Name", "Name\Name.vcxproj", "{84AA1F11-2C06-4533-BF05-FED000380E54}"
EndProject
Global
	GlobalSection(SolutionConfigurationPlatforms) = preSolution
		Debug|x64 = Debug|x64
		Debug|x86 = Debug|x86
		Release|x64 = Release|x64
		Release|x86 = Release|x86
	EndGlobalSection
	GlobalSection(ProjectConfigurationPlatforms) = postSolution
		{84AA1F11-2C06-4533-BF05-FED000380E54}.Debug|x64.ActiveCfg = Debug|x64
		{84AA1F11-2C06-4533-BF05-FED000380E54}.Debug|x64.Build.0 = Debug|x64
		{84AA1F11-2C06-4533-BF05-FED000380E54}.Debug|x86.ActiveCfg = Debug|Win32
		{84AA1F11-2C06-4533-BF05-FED000380E54}.Debug|x86.Build.0 = Debug|Win32
		{84AA1F11-2C06-4533-BF05-FED000380E54}.Release|x64.ActiveCfg = Release|x64
		{84AA1F11-2C06-4533-BF05-FED000380E54}.Release|x64.Build.0 = Release|x64
		{84AA1F11-2C06-4533-BF05-FED000380E54}.Release|x86.ActiveCfg = Release|Win32
		{84AA1F11-2C06-4533-BF05-FED000380E54}.Release|x86.Build.0 = Release|Win32
	EndGlobalSection
	GlobalSection(SolutionProperties) = preSolution
		HideSolutionNode = FALSE
	EndGlobalSection
	GlobalSection(ExtensibilityGlobals) = postSolution
		SolutionGuid = {526EE3D6-6350-48B5-B5B6-728FD97086F0}
	EndGlobalSection
EndGlobal
